// !$*UTF8*$!
{
	archiveVersion = 1;
	classes = {
	};
	objectVersion = 56;
	objects = {

/* Begin PBXBuildFile section */
		F978E0FE2A4C1D30008AE4F8 /* AppDelegate.swift in Sources */ = {isa = PBXBuildFile; fileRef = F978E0FD2A4C1D30008AE4F8 /* AppDelegate.swift */; };
		F978E1002A4C1D30008AE4F8 /* SceneDelegate.swift in Sources */ = {isa = PBXBuildFile; fileRef = F978E0FF2A4C1D30008AE4F8 /* SceneDelegate.swift */; };
		F978E1052A4C1D30008AE4F8 /* Main.storyboard in Resources */ = {isa = PBXBuildFile; fileRef = F978E1032A4C1D30008AE4F8 /* Main.storyboard */; };
		F978E1072A4C1D34008AE4F8 /* Assets.xcassets in Resources */ = {isa = PBXBuildFile; fileRef = F978E1062A4C1D34008AE4F8 /* Assets.xcassets */; };
		F978E10A2A4C1D34008AE4F8 /* LaunchScreen.storyboard in Resources */ = {isa = PBXBuildFile; fileRef = F978E1082A4C1D34008AE4F8 /* LaunchScreen.storyboard */; };
		F978E1142A4C1D9C008AE4F8 /* InputVC.swift in Sources */ = {isa = PBXBuildFile; fileRef = F978E1132A4C1D9C008AE4F8 /* InputVC.swift */; };
		F978E1192A4C1F3E008AE4F8 /* UIView+Extension.swift in Sources */ = {isa = PBXBuildFile; fileRef = F978E1182A4C1F3E008AE4F8 /* UIView+Extension.swift */; };
		F978E11E2A4C20AF008AE4F8 /* GameVC.swift in Sources */ = {isa = PBXBuildFile; fileRef = F978E11D2A4C20AF008AE4F8 /* GameVC.swift */; };
		F978E1212A4C26A6008AE4F8 /* Globle.swift in Sources */ = {isa = PBXBuildFile; fileRef = F978E1202A4C26A6008AE4F8 /* Globle.swift */; };
		F978E1232A4C26CC008AE4F8 /* UIViewController+Extension.swift in Sources */ = {isa = PBXBuildFile; fileRef = F978E1222A4C26CC008AE4F8 /* UIViewController+Extension.swift */; };
		F978E1272A4C27A5008AE4F8 /* ItemRowCell.swift in Sources */ = {isa = PBXBuildFile; fileRef = F978E1252A4C27A5008AE4F8 /* ItemRowCell.swift */; };
		F978E1282A4C27A5008AE4F8 /* ItemRowCell.xib in Resources */ = {isa = PBXBuildFile; fileRef = F978E1262A4C27A5008AE4F8 /* ItemRowCell.xib */; };
/* End PBXBuildFile section */

/* Begin PBXFileReference section */
		F978E0FA2A4C1D30008AE4F8 /* GrayBoxExample.app */ = {isa = PBXFileReference; explicitFileType = wrapper.application; includeInIndex = 0; path = GrayBoxExample.app; sourceTree = BUILT_PRODUCTS_DIR; };
		F978E0FD2A4C1D30008AE4F8 /* AppDelegate.swift */ = {isa = PBXFileReference; lastKnownFileType = sourcecode.swift; path = AppDelegate.swift; sourceTree = "<group>"; };
		F978E0FF2A4C1D30008AE4F8 /* SceneDelegate.swift */ = {isa = PBXFileReference; lastKnownFileType = sourcecode.swift; path = SceneDelegate.swift; sourceTree = "<group>"; };
		F978E1042A4C1D30008AE4F8 /* Base */ = {isa = PBXFileReference; lastKnownFileType = file.storyboard; name = Base; path = Base.lproj/Main.storyboard; sourceTree = "<group>"; };
		F978E1062A4C1D34008AE4F8 /* Assets.xcassets */ = {isa = PBXFileReference; lastKnownFileType = folder.assetcatalog; path = Assets.xcassets; sourceTree = "<group>"; };
		F978E1092A4C1D34008AE4F8 /* Base */ = {isa = PBXFileReference; lastKnownFileType = file.storyboard; name = Base; path = Base.lproj/LaunchScreen.storyboard; sourceTree = "<group>"; };
		F978E10B2A4C1D34008AE4F8 /* Info.plist */ = {isa = PBXFileReference; lastKnownFileType = text.plist.xml; path = Info.plist; sourceTree = "<group>"; };
		F978E1132A4C1D9C008AE4F8 /* InputVC.swift */ = {isa = PBXFileReference; lastKnownFileType = sourcecode.swift; path = InputVC.swift; sourceTree = "<group>"; };
		F978E1182A4C1F3E008AE4F8 /* UIView+Extension.swift */ = {isa = PBXFileReference; lastKnownFileType = sourcecode.swift; path = "UIView+Extension.swift"; sourceTree = "<group>"; };
		F978E11D2A4C20AF008AE4F8 /* GameVC.swift */ = {isa = PBXFileReference; lastKnownFileType = sourcecode.swift; path = GameVC.swift; sourceTree = "<group>"; };
		F978E1202A4C26A6008AE4F8 /* Globle.swift */ = {isa = PBXFileReference; lastKnownFileType = sourcecode.swift; path = Globle.swift; sourceTree = "<group>"; };
		F978E1222A4C26CC008AE4F8 /* UIViewController+Extension.swift */ = {isa = PBXFileReference; lastKnownFileType = sourcecode.swift; path = "UIViewController+Extension.swift"; sourceTree = "<group>"; };
		F978E1252A4C27A5008AE4F8 /* ItemRowCell.swift */ = {isa = PBXFileReference; lastKnownFileType = sourcecode.swift; path = ItemRowCell.swift; sourceTree = "<group>"; };
		F978E1262A4C27A5008AE4F8 /* ItemRowCell.xib */ = {isa = PBXFileReference; lastKnownFileType = file.xib; path = ItemRowCell.xib; sourceTree = "<group>"; };
/* End PBXFileReference section */

/* Begin PBXFrameworksBuildPhase section */
		F978E0F72A4C1D30008AE4F8 /* Frameworks */ = {
			isa = PBXFrameworksBuildPhase;
			buildActionMask = 2147483647;
			files = (
			);
			runOnlyForDeploymentPostprocessing = 0;
		};
/* End PBXFrameworksBuildPhase section */

/* Begin PBXGroup section */
		F978E0F12A4C1D30008AE4F8 = {
			isa = PBXGroup;
			children = (
				F978E0FC2A4C1D30008AE4F8 /* GrayBoxExample */,
				F978E0FB2A4C1D30008AE4F8 /* Products */,
			);
			sourceTree = "<group>";
		};
		F978E0FB2A4C1D30008AE4F8 /* Products */ = {
			isa = PBXGroup;
			children = (
				F978E0FA2A4C1D30008AE4F8 /* GrayBoxExample.app */,
			);
			name = Products;
			sourceTree = "<group>";
		};
		F978E0FC2A4C1D30008AE4F8 /* GrayBoxExample */ = {
			isa = PBXGroup;
			children = (
				F978E11F2A4C2697008AE4F8 /* Helper */,
				F978E1172A4C1F2B008AE4F8 /* Extension */,
				F978E1112A4C1D46008AE4F8 /* App */,
				F978E1122A4C1D53008AE4F8 /* Modules */,
				F978E1152A4C1DD7008AE4F8 /* Storyboard */,
				F978E1162A4C1DE8008AE4F8 /* Assets */,
				F978E1062A4C1D34008AE4F8 /* Assets.xcassets */,
				F978E10B2A4C1D34008AE4F8 /* Info.plist */,
			);
			path = GrayBoxExample;
			sourceTree = "<group>";
		};
		F978E1112A4C1D46008AE4F8 /* App */ = {
			isa = PBXGroup;
			children = (
				F978E0FD2A4C1D30008AE4F8 /* AppDelegate.swift */,
				F978E0FF2A4C1D30008AE4F8 /* SceneDelegate.swift */,
				F978E1082A4C1D34008AE4F8 /* LaunchScreen.storyboard */,
			);
			path = App;
			sourceTree = "<group>";
		};
		F978E1122A4C1D53008AE4F8 /* Modules */ = {
			isa = PBXGroup;
			children = (
				F978E11A2A4C2090008AE4F8 /* Game */,
			);
			path = Modules;
			sourceTree = "<group>";
		};
		F978E1152A4C1DD7008AE4F8 /* Storyboard */ = {
			isa = PBXGroup;
			children = (
				F978E1032A4C1D30008AE4F8 /* Main.storyboard */,
			);
			path = Storyboard;
			sourceTree = "<group>";
		};
		F978E1162A4C1DE8008AE4F8 /* Assets */ = {
			isa = PBXGroup;
			children = (
			);
			path = Assets;
			sourceTree = "<group>";
		};
		F978E1172A4C1F2B008AE4F8 /* Extension */ = {
			isa = PBXGroup;
			children = (
				F978E1182A4C1F3E008AE4F8 /* UIView+Extension.swift */,
				F978E1222A4C26CC008AE4F8 /* UIViewController+Extension.swift */,
			);
			path = Extension;
			sourceTree = "<group>";
		};
		F978E11A2A4C2090008AE4F8 /* Game */ = {
			isa = PBXGroup;
			children = (
				F978E1242A4C277F008AE4F8 /* Cell-Nibs */,
				F978E1132A4C1D9C008AE4F8 /* InputVC.swift */,
				F978E11D2A4C20AF008AE4F8 /* GameVC.swift */,
			);
			path = Game;
			sourceTree = "<group>";
		};
		F978E11F2A4C2697008AE4F8 /* Helper */ = {
			isa = PBXGroup;
			children = (
				F978E1202A4C26A6008AE4F8 /* Globle.swift */,
			);
			path = Helper;
			sourceTree = "<group>";
		};
		F978E1242A4C277F008AE4F8 /* Cell-Nibs */ = {
			isa = PBXGroup;
			children = (
				F978E1252A4C27A5008AE4F8 /* ItemRowCell.swift */,
				F978E1262A4C27A5008AE4F8 /* ItemRowCell.xib */,
			);
			path = "Cell-Nibs";
			sourceTree = "<group>";
		};
/* End PBXGroup section */

/* Begin PBXNativeTarget section */
		F978E0F92A4C1D30008AE4F8 /* GrayBoxExample */ = {
			isa = PBXNativeTarget;
			buildConfigurationList = F978E10E2A4C1D34008AE4F8 /* Build configuration list for PBXNativeTarget "GrayBoxExample" */;
			buildPhases = (
				F978E0F62A4C1D30008AE4F8 /* Sources */,
				F978E0F72A4C1D30008AE4F8 /* Frameworks */,
				F978E0F82A4C1D30008AE4F8 /* Resources */,
			);
			buildRules = (
			);
			dependencies = (
			);
			name = GrayBoxExample;
			productName = GrayBoxExample;
			productReference = F978E0FA2A4C1D30008AE4F8 /* GrayBoxExample.app */;
			productType = "com.apple.product-type.application";
		};
/* End PBXNativeTarget section */

/* Begin PBXProject section */
		F978E0F22A4C1D30008AE4F8 /* Project object */ = {
			isa = PBXProject;
			attributes = {
				BuildIndependentTargetsInParallel = 1;
				LastSwiftUpdateCheck = 1420;
				LastUpgradeCheck = 1420;
				TargetAttributes = {
					F978E0F92A4C1D30008AE4F8 = {
						CreatedOnToolsVersion = 14.2;
					};
				};
			};
			buildConfigurationList = F978E0F52A4C1D30008AE4F8 /* Build configuration list for PBXProject "GrayBoxExample" */;
			compatibilityVersion = "Xcode 14.0";
			developmentRegion = en;
			hasScannedForEncodings = 0;
			knownRegions = (
				en,
				Base,
			);
			mainGroup = F978E0F12A4C1D30008AE4F8;
			productRefGroup = F978E0FB2A4C1D30008AE4F8 /* Products */;
			projectDirPath = "";
			projectRoot = "";
			targets = (
				F978E0F92A4C1D30008AE4F8 /* GrayBoxExample */,
			);
		};
/* End PBXProject section */

/* Begin PBXResourcesBuildPhase section */
		F978E0F82A4C1D30008AE4F8 /* Resources */ = {
			isa = PBXResourcesBuildPhase;
			buildActionMask = 2147483647;
			files = (
				F978E10A2A4C1D34008AE4F8 /* LaunchScreen.storyboard in Resources */,
				F978E1072A4C1D34008AE4F8 /* Assets.xcassets in Resources */,
				F978E1052A4C1D30008AE4F8 /* Main.storyboard in Resources */,
				F978E1282A4C27A5008AE4F8 /* ItemRowCell.xib in Resources */,
			);
			runOnlyForDeploymentPostprocessing = 0;
		};
/* End PBXResourcesBuildPhase section */

/* Begin PBXSourcesBuildPhase section */
		F978E0F62A4C1D30008AE4F8 /* Sources */ = {
			isa = PBXSourcesBuildPhase;
			buildActionMask = 2147483647;
			files = (
				F978E0FE2A4C1D30008AE4F8 /* AppDelegate.swift in Sources */,
				F978E1002A4C1D30008AE4F8 /* SceneDelegate.swift in Sources */,
				F978E1212A4C26A6008AE4F8 /* Globle.swift in Sources */,
				F978E1272A4C27A5008AE4F8 /* ItemRowCell.swift in Sources */,
				F978E1192A4C1F3E008AE4F8 /* UIView+Extension.swift in Sources */,
				F978E1232A4C26CC008AE4F8 /* UIViewController+Extension.swift in Sources */,
				F978E11E2A4C20AF008AE4F8 /* GameVC.swift in Sources */,
				F978E1142A4C1D9C008AE4F8 /* InputVC.swift in Sources */,
			);
			runOnlyForDeploymentPostprocessing = 0;
		};
/* End PBXSourcesBuildPhase section */

/* Begin PBXVariantGroup section */
		F978E1032A4C1D30008AE4F8 /* Main.storyboard */ = {
			isa = PBXVariantGroup;
			children = (
				F978E1042A4C1D30008AE4F8 /* Base */,
			);
			name = Main.storyboard;
			sourceTree = "<group>";
		};
		F978E1082A4C1D34008AE4F8 /* LaunchScreen.storyboard */ = {
			isa = PBXVariantGroup;
			children = (
				F978E1092A4C1D34008AE4F8 /* Base */,
			);
			name = LaunchScreen.storyboard;
			sourceTree = "<group>";
		};
/* End PBXVariantGroup section */

/* Begin XCBuildConfiguration section */
		F978E10C2A4C1D34008AE4F8 /* Debug */ = {
			isa = XCBuildConfiguration;
			buildSettings = {
				ALWAYS_SEARCH_USER_PATHS = NO;
				CLANG_ANALYZER_NONNULL = YES;
				CLANG_ANALYZER_NUMBER_OBJECT_CONVERSION = YES_AGGRESSIVE;
				CLANG_CXX_LANGUAGE_STANDARD = "gnu++20";
				CLANG_ENABLE_MODULES = YES;
				CLANG_ENABLE_OBJC_ARC = YES;
				CLANG_ENABLE_OBJC_WEAK = YES;
				CLANG_WARN_BLOCK_CAPTURE_AUTORELEASING = YES;
				CLANG_WARN_BOOL_CONVERSION = YES;
				CLANG_WARN_COMMA = YES;
				CLANG_WARN_CONSTANT_CONVERSION = YES;
				CLANG_WARN_DEPRECATED_OBJC_IMPLEMENTATIONS = YES;
				CLANG_WARN_DIRECT_OBJC_ISA_USAGE = YES_ERROR;
				CLANG_WARN_DOCUMENTATION_COMMENTS = YES;
				CLANG_WARN_EMPTY_BODY = YES;
				CLANG_WARN_ENUM_CONVERSION = YES;
				CLANG_WARN_INFINITE_RECURSION = YES;
				CLANG_WARN_INT_CONVERSION = YES;
				CLANG_WARN_NON_LITERAL_NULL_CONVERSION = YES;
				CLANG_WARN_OBJC_IMPLICIT_RETAIN_SELF = YES;
				CLANG_WARN_OBJC_LITERAL_CONVERSION = YES;
				CLANG_WARN_OBJC_ROOT_CLASS = YES_ERROR;
				CLANG_WARN_QUOTED_INCLUDE_IN_FRAMEWORK_HEADER = YES;
				CLANG_WARN_RANGE_LOOP_ANALYSIS = YES;
				CLANG_WARN_STRICT_PROTOTYPES = YES;
				CLANG_WARN_SUSPICIOUS_MOVE = YES;
				CLANG_WARN_UNGUARDED_AVAILABILITY = YES_AGGRESSIVE;
				CLANG_WARN_UNREACHABLE_CODE = YES;
				CLANG_WARN__DUPLICATE_METHOD_MATCH = YES;
				COPY_PHASE_STRIP = NO;
				DEBUG_INFORMATION_FORMAT = dwarf;
				ENABLE_STRICT_OBJC_MSGSEND = YES;
				ENABLE_TESTABILITY = YES;
				GCC_C_LANGUAGE_STANDARD = gnu11;
				GCC_DYNAMIC_NO_PIC = NO;
				GCC_NO_COMMON_BLOCKS = YES;
				GCC_OPTIMIZATION_LEVEL = 0;
				GCC_PREPROCESSOR_DEFINITIONS = (
					"DEBUG=1",
					"$(inherited)",
				);
				GCC_WARN_64_TO_32_BIT_CONVERSION = YES;
				GCC_WARN_ABOUT_RETURN_TYPE = YES_ERROR;
				GCC_WARN_UNDECLARED_SELECTOR = YES;
				GCC_WARN_UNINITIALIZED_AUTOS = YES_AGGRESSIVE;
				GCC_WARN_UNUSED_FUNCTION = YES;
				GCC_WARN_UNUSED_VARIABLE = YES;
				IPHONEOS_DEPLOYMENT_TARGET = 16.2;
				MTL_ENABLE_DEBUG_INFO = INCLUDE_SOURCE;
				MTL_FAST_MATH = YES;
				ONLY_ACTIVE_ARCH = YES;
				SDKROOT = iphoneos;
				SWIFT_ACTIVE_COMPILATION_CONDITIONS = DEBUG;
				SWIFT_OPTIMIZATION_LEVEL = "-Onone";
			};
			name = Debug;
		};
		F978E10D2A4C1D34008AE4F8 /* Release */ = {
			isa = XCBuildConfiguration;
			buildSettings = {
				ALWAYS_SEARCH_USER_PATHS = NO;
				CLANG_ANALYZER_NONNULL = YES;
				CLANG_ANALYZER_NUMBER_OBJECT_CONVERSION = YES_AGGRESSIVE;
				CLANG_CXX_LANGUAGE_STANDARD = "gnu++20";
				CLANG_ENABLE_MODULES = YES;
				CLANG_ENABLE_OBJC_ARC = YES;
				CLANG_ENABLE_OBJC_WEAK = YES;
				CLANG_WARN_BLOCK_CAPTURE_AUTORELEASING = YES;
				CLANG_WARN_BOOL_CONVERSION = YES;
				CLANG_WARN_COMMA = YES;
				CLANG_WARN_CONSTANT_CONVERSION = YES;
				CLANG_WARN_DEPRECATED_OBJC_IMPLEMENTATIONS = YES;
				CLANG_WARN_DIRECT_OBJC_ISA_USAGE = YES_ERROR;
				CLANG_WARN_DOCUMENTATION_COMMENTS = YES;
				CLANG_WARN_EMPTY_BODY = YES;
				CLANG_WARN_ENUM_CONVERSION = YES;
				CLANG_WARN_INFINITE_RECURSION = YES;
				CLANG_WARN_INT_CONVERSION = YES;
				CLANG_WARN_NON_LITERAL_NULL_CONVERSION = YES;
				CLANG_WARN_OBJC_IMPLICIT_RETAIN_SELF = YES;
				CLANG_WARN_OBJC_LITERAL_CONVERSION = YES;
				CLANG_WARN_OBJC_ROOT_CLASS = YES_ERROR;
				CLANG_WARN_QUOTED_INCLUDE_IN_FRAMEWORK_HEADER = YES;
				CLANG_WARN_RANGE_LOOP_ANALYSIS = YES;
				CLANG_WARN_STRICT_PROTOTYPES = YES;
				CLANG_WARN_SUSPICIOUS_MOVE = YES;
				CLANG_WARN_UNGUARDED_AVAILABILITY = YES_AGGRESSIVE;
				CLANG_WARN_UNREACHABLE_CODE = YES;
				CLANG_WARN__DUPLICATE_METHOD_MATCH = YES;
				COPY_PHASE_STRIP = NO;
				DEBUG_INFORMATION_FORMAT = "dwarf-with-dsym";
				ENABLE_NS_ASSERTIONS = NO;
				ENABLE_STRICT_OBJC_MSGSEND = YES;
				GCC_C_LANGUAGE_STANDARD = gnu11;
				GCC_NO_COMMON_BLOCKS = YES;
				GCC_WARN_64_TO_32_BIT_CONVERSION = YES;
				GCC_WARN_ABOUT_RETURN_TYPE = YES_ERROR;
				GCC_WARN_UNDECLARED_SELECTOR = YES;
				GCC_WARN_UNINITIALIZED_AUTOS = YES_AGGRESSIVE;
				GCC_WARN_UNUSED_FUNCTION = YES;
				GCC_WARN_UNUSED_VARIABLE = YES;
				IPHONEOS_DEPLOYMENT_TARGET = 16.2;
				MTL_ENABLE_DEBUG_INFO = NO;
				MTL_FAST_MATH = YES;
				SDKROOT = iphoneos;
				SWIFT_COMPILATION_MODE = wholemodule;
				SWIFT_OPTIMIZATION_LEVEL = "-O";
				VALIDATE_PRODUCT = YES;
			};
			name = Release;
		};
		F978E10F2A4C1D34008AE4F8 /* Debug */ = {
			isa = XCBuildConfiguration;
			buildSettings = {
				ASSETCATALOG_COMPILER_APPICON_NAME = AppIcon;
				ASSETCATALOG_COMPILER_GLOBAL_ACCENT_COLOR_NAME = AccentColor;
				CODE_SIGN_STYLE = Automatic;
				CURRENT_PROJECT_VERSION = 1;
				GENERATE_INFOPLIST_FILE = YES;
				INFOPLIST_FILE = GrayBoxExample/Info.plist;
				INFOPLIST_KEY_UIApplicationSupportsIndirectInputEvents = YES;
				INFOPLIST_KEY_UILaunchStoryboardName = LaunchScreen;
				INFOPLIST_KEY_UIMainStoryboardFile = Main;
				INFOPLIST_KEY_UISupportedInterfaceOrientations_iPad = "UIInterfaceOrientationPortrait UIInterfaceOrientationPortraitUpsideDown UIInterfaceOrientationLandscapeLeft UIInterfaceOrientationLandscapeRight";
				INFOPLIST_KEY_UISupportedInterfaceOrientations_iPhone = "UIInterfaceOrientationPortrait UIInterfaceOrientationLandscapeLeft UIInterfaceOrientationLandscapeRight";
				LD_RUNPATH_SEARCH_PATHS = (
					"$(inherited)",
					"@executable_path/Frameworks",
				);
				MARKETING_VERSION = 1.0;
				PRODUCT_BUNDLE_IDENTIFIER = com.example.GrayBoxExample;
				PRODUCT_NAME = "$(TARGET_NAME)";
				SWIFT_EMIT_LOC_STRINGS = YES;
				SWIFT_VERSION = 5.0;
				TARGETED_DEVICE_FAMILY = "1,2";
			};
			name = Debug;
		};
		F978E1102A4C1D34008AE4F8 /* Release */ = {
			isa = XCBuildConfiguration;
			buildSettings = {
				ASSETCATALOG_COMPILER_APPICON_NAME = AppIcon;
				ASSETCATALOG_COMPILER_GLOBAL_ACCENT_COLOR_NAME = AccentColor;
				CODE_SIGN_STYLE = Automatic;
				CURRENT_PROJECT_VERSION = 1;
				GENERATE_INFOPLIST_FILE = YES;
				INFOPLIST_FILE = GrayBoxExample/Info.plist;
				INFOPLIST_KEY_UIApplicationSupportsIndirectInputEvents = YES;
				INFOPLIST_KEY_UILaunchStoryboardName = LaunchScreen;
				INFOPLIST_KEY_UIMainStoryboardFile = Main;
				INFOPLIST_KEY_UISupportedInterfaceOrientations_iPad = "UIInterfaceOrientationPortrait UIInterfaceOrientationPortraitUpsideDown UIInterfaceOrientationLandscapeLeft UIInterfaceOrientationLandscapeRight";
				INFOPLIST_KEY_UISupportedInterfaceOrientations_iPhone = "UIInterfaceOrientationPortrait UIInterfaceOrientationLandscapeLeft UIInterfaceOrientationLandscapeRight";
				LD_RUNPATH_SEARCH_PATHS = (
					"$(inherited)",
					"@executable_path/Frameworks",
				);
				MARKETING_VERSION = 1.0;
				PRODUCT_BUNDLE_IDENTIFIER = com.example.GrayBoxExample;
				PRODUCT_NAME = "$(TARGET_NAME)";
				SWIFT_EMIT_LOC_STRINGS = YES;
				SWIFT_VERSION = 5.0;
				TARGETED_DEVICE_FAMILY = "1,2";
			};
			name = Release;
		};
/* End XCBuildConfiguration section */

/* Begin XCConfigurationList section */
		F978E0F52A4C1D30008AE4F8 /* Build configuration list for PBXProject "GrayBoxExample" */ = {
			isa = XCConfigurationList;
			buildConfigurations = (
				F978E10C2A4C1D34008AE4F8 /* Debug */,
				F978E10D2A4C1D34008AE4F8 /* Release */,
			);
			defaultConfigurationIsVisible = 0;
			defaultConfigurationName = Release;
		};
		F978E10E2A4C1D34008AE4F8 /* Build configuration list for PBXNativeTarget "GrayBoxExample" */ = {
			isa = XCConfigurationList;
			buildConfigurations = (
				F978E10F2A4C1D34008AE4F8 /* Debug */,
				F978E1102A4C1D34008AE4F8 /* Release */,
			);
			defaultConfigurationIsVisible = 0;
			defaultConfigurationName = Release;
		};
/* End XCConfigurationList section */
	};
	rootObject = F978E0F22A4C1D30008AE4F8 /* Project object */;
}
